// !$*UTF8*$!
{
	archiveVersion = 1;
	classes = {
	};
	objectVersion = 50;
	objects = {

/* Begin PBXBuildFile section */
		7891C997223B90630010DD55 /* MTDefine.h in Headers */ = {isa = PBXBuildFile; fileRef = 7891C98D223B90630010DD55 /* MTDefine.h */; settings = {ATTRIBUTES = (Public, ); }; };
		7891C998223B90630010DD55 /* MTConst.m in Sources */ = {isa = PBXBuildFile; fileRef = 7891C98E223B90630010DD55 /* MTConst.m */; };
		7891C99A223B90630010DD55 /* MTCategory.h in Headers */ = {isa = PBXBuildFile; fileRef = 7891C990223B90630010DD55 /* MTCategory.h */; settings = {ATTRIBUTES = (Public, ); }; };
		7891C99B223B90630010DD55 /* MTConst.h in Headers */ = {isa = PBXBuildFile; fileRef = 7891C991223B90630010DD55 /* MTConst.h */; settings = {ATTRIBUTES = (Public, ); }; };
		7891C99C223B90630010DD55 /* MTThirdSDKList.h in Headers */ = {isa = PBXBuildFile; fileRef = 7891C992223B90630010DD55 /* MTThirdSDKList.h */; settings = {ATTRIBUTES = (Public, ); }; };
		7891C99D223B90630010DD55 /* NSString+Exist.h in Headers */ = {isa = PBXBuildFile; fileRef = 7891C995223B90630010DD55 /* NSString+Exist.h */; settings = {ATTRIBUTES = (Public, ); }; };
		7891C99E223B90630010DD55 /* NSString+Exist.m in Sources */ = {isa = PBXBuildFile; fileRef = 7891C996223B90630010DD55 /* NSString+Exist.m */; };
		7891C9A6223B90690010DD55 /* MTProtocol.h in Headers */ = {isa = PBXBuildFile; fileRef = 7891C9A0223B90690010DD55 /* MTProtocol.h */; settings = {ATTRIBUTES = (Public, ); }; };
		7891C9A7223B90690010DD55 /* MTApiProtocol.h in Headers */ = {isa = PBXBuildFile; fileRef = 7891C9A1223B90690010DD55 /* MTApiProtocol.h */; settings = {ATTRIBUTES = (Public, ); }; };
		7891C9A8223B90690010DD55 /* MTRequestProtocol.h in Headers */ = {isa = PBXBuildFile; fileRef = 7891C9A2223B90690010DD55 /* MTRequestProtocol.h */; settings = {ATTRIBUTES = (Public, ); }; };
		7891C9A9223B90690010DD55 /* MTStyleProtocol.h in Headers */ = {isa = PBXBuildFile; fileRef = 7891C9A3223B90690010DD55 /* MTStyleProtocol.h */; settings = {ATTRIBUTES = (Public, ); }; };
		7891C9AA223B90690010DD55 /* MTDelegateProtocol.h in Headers */ = {isa = PBXBuildFile; fileRef = 7891C9A4223B90690010DD55 /* MTDelegateProtocol.h */; settings = {ATTRIBUTES = (Public, ); }; };
		7891C9AB223B90690010DD55 /* MTKit.h in Headers */ = {isa = PBXBuildFile; fileRef = 7891C9A5223B90690010DD55 /* MTKit.h */; settings = {ATTRIBUTES = (Public, ); }; };
		78935148223F46D3001D0C4B /* MagicThought.pch in Headers */ = {isa = PBXBuildFile; fileRef = 78935147223F46D3001D0C4B /* MagicThought.pch */; settings = {ATTRIBUTES = (Public, ); }; };
		7893514F223F491B001D0C4B /* NSString+Bundle.h in Headers */ = {isa = PBXBuildFile; fileRef = 78935149223F491A001D0C4B /* NSString+Bundle.h */; settings = {ATTRIBUTES = (Public, ); }; };
		78935150223F491B001D0C4B /* NSString+Base64.m in Sources */ = {isa = PBXBuildFile; fileRef = 7893514A223F491A001D0C4B /* NSString+Base64.m */; };
		78935151223F491B001D0C4B /* NSString+Encode.m in Sources */ = {isa = PBXBuildFile; fileRef = 7893514B223F491A001D0C4B /* NSString+Encode.m */; };
		78935152223F491B001D0C4B /* NSString+Bundle.m in Sources */ = {isa = PBXBuildFile; fileRef = 7893514C223F491B001D0C4B /* NSString+Bundle.m */; };
		78935153223F491B001D0C4B /* NSString+Base64.h in Headers */ = {isa = PBXBuildFile; fileRef = 7893514D223F491B001D0C4B /* NSString+Base64.h */; settings = {ATTRIBUTES = (Public, ); }; };
		78935154223F491B001D0C4B /* NSString+Encode.h in Headers */ = {isa = PBXBuildFile; fileRef = 7893514E223F491B001D0C4B /* NSString+Encode.h */; settings = {ATTRIBUTES = (Public, ); }; };
		7893515F223F492F001D0C4B /* NSString+Replace.m in Sources */ = {isa = PBXBuildFile; fileRef = 78935155223F492D001D0C4B /* NSString+Replace.m */; };
		78935160223F492F001D0C4B /* NSString+MD5.m in Sources */ = {isa = PBXBuildFile; fileRef = 78935156223F492E001D0C4B /* NSString+MD5.m */; };
		78935161223F492F001D0C4B /* NSString+TestString.h in Headers */ = {isa = PBXBuildFile; fileRef = 78935157223F492E001D0C4B /* NSString+TestString.h */; settings = {ATTRIBUTES = (Public, ); }; };
		78935162223F492F001D0C4B /* NSString+Hash.m in Sources */ = {isa = PBXBuildFile; fileRef = 78935158223F492E001D0C4B /* NSString+Hash.m */; };
		78935163223F492F001D0C4B /* NSString+Money.h in Headers */ = {isa = PBXBuildFile; fileRef = 78935159223F492E001D0C4B /* NSString+Money.h */; settings = {ATTRIBUTES = (Public, ); }; };
		78935164223F492F001D0C4B /* NSString+Hash.h in Headers */ = {isa = PBXBuildFile; fileRef = 7893515A223F492E001D0C4B /* NSString+Hash.h */; settings = {ATTRIBUTES = (Public, ); }; };
		78935165223F492F001D0C4B /* NSString+Replace.h in Headers */ = {isa = PBXBuildFile; fileRef = 7893515B223F492E001D0C4B /* NSString+Replace.h */; settings = {ATTRIBUTES = (Public, ); }; };
		78935166223F492F001D0C4B /* NSString+MD5.h in Headers */ = {isa = PBXBuildFile; fileRef = 7893515C223F492E001D0C4B /* NSString+MD5.h */; settings = {ATTRIBUTES = (Public, ); }; };
		78935167223F492F001D0C4B /* NSString+Money.m in Sources */ = {isa = PBXBuildFile; fileRef = 7893515D223F492E001D0C4B /* NSString+Money.m */; };
		78935168223F492F001D0C4B /* NSString+TestString.m in Sources */ = {isa = PBXBuildFile; fileRef = 7893515E223F492E001D0C4B /* NSString+TestString.m */; };
		7893516D223F493E001D0C4B /* NSString+Unicode.h in Headers */ = {isa = PBXBuildFile; fileRef = 78935169223F493D001D0C4B /* NSString+Unicode.h */; settings = {ATTRIBUTES = (Public, ); }; };
		7893516E223F493E001D0C4B /* NSString+WordHeight.h in Headers */ = {isa = PBXBuildFile; fileRef = 7893516A223F493D001D0C4B /* NSString+WordHeight.h */; settings = {ATTRIBUTES = (Public, ); }; };
		7893516F223F493E001D0C4B /* NSString+Unicode.m in Sources */ = {isa = PBXBuildFile; fileRef = 7893516B223F493D001D0C4B /* NSString+Unicode.m */; };
		78935170223F493E001D0C4B /* NSString+WordHeight.m in Sources */ = {isa = PBXBuildFile; fileRef = 7893516C223F493D001D0C4B /* NSString+WordHeight.m */; };
		78935222223F6AD2001D0C4B /* MTGraphicType.h in Headers */ = {isa = PBXBuildFile; fileRef = 7893521A223F6AD2001D0C4B /* MTGraphicType.h */; };
		78935223223F6AD2001D0C4B /* MTWordStyle.m in Sources */ = {isa = PBXBuildFile; fileRef = 7893521B223F6AD2001D0C4B /* MTWordStyle.m */; };
		78935224223F6AD2001D0C4B /* MTStyle.h in Headers */ = {isa = PBXBuildFile; fileRef = 7893521C223F6AD2001D0C4B /* MTStyle.h */; };
		78935225223F6AD2001D0C4B /* MTBorderStyle.h in Headers */ = {isa = PBXBuildFile; fileRef = 7893521D223F6AD2001D0C4B /* MTBorderStyle.h */; };
		78935226223F6AD2001D0C4B /* MTAlertStyle.h in Headers */ = {isa = PBXBuildFile; fileRef = 7893521E223F6AD2001D0C4B /* MTAlertStyle.h */; };
		78935227223F6AD2001D0C4B /* MTAlertStyle.m in Sources */ = {isa = PBXBuildFile; fileRef = 7893521F223F6AD2001D0C4B /* MTAlertStyle.m */; };
		78935228223F6AD2001D0C4B /* MTBorderStyle.m in Sources */ = {isa = PBXBuildFile; fileRef = 78935220223F6AD2001D0C4B /* MTBorderStyle.m */; };
		78935229223F6AD2001D0C4B /* MTWordStyle.h in Headers */ = {isa = PBXBuildFile; fileRef = 78935221223F6AD2001D0C4B /* MTWordStyle.h */; };
		7893522D223F9BE7001D0C4B /* CLLocation+Mar.m in Sources */ = {isa = PBXBuildFile; fileRef = 7893522B223F9BE7001D0C4B /* CLLocation+Mar.m */; };
		7893522E223F9BE7001D0C4B /* CLLocation+Mar.h in Headers */ = {isa = PBXBuildFile; fileRef = 7893522C223F9BE7001D0C4B /* CLLocation+Mar.h */; };
		78935232223F9BEC001D0C4B /* NSObject+HideKey.h in Headers */ = {isa = PBXBuildFile; fileRef = 78935230223F9BEC001D0C4B /* NSObject+HideKey.h */; };
		78935233223F9BEC001D0C4B /* NSObject+HideKey.m in Sources */ = {isa = PBXBuildFile; fileRef = 78935231223F9BEC001D0C4B /* NSObject+HideKey.m */; };
		78935237223F9BF6001D0C4B /* UIButton+HighLight.m in Sources */ = {isa = PBXBuildFile; fileRef = 78935235223F9BF6001D0C4B /* UIButton+HighLight.m */; };
		78935238223F9BF6001D0C4B /* UIButton+HighLight.h in Headers */ = {isa = PBXBuildFile; fileRef = 78935236223F9BF6001D0C4B /* UIButton+HighLight.h */; };
		78935240223F9BFB001D0C4B /* UIColor+RGBValues.m in Sources */ = {isa = PBXBuildFile; fileRef = 7893523A223F9BFB001D0C4B /* UIColor+RGBValues.m */; };
		78935241223F9BFB001D0C4B /* UIColor+Image.h in Headers */ = {isa = PBXBuildFile; fileRef = 7893523B223F9BFB001D0C4B /* UIColor+Image.h */; };
		78935242223F9BFB001D0C4B /* UIColor+ColorfulColor.m in Sources */ = {isa = PBXBuildFile; fileRef = 7893523C223F9BFB001D0C4B /* UIColor+ColorfulColor.m */; };
		78935243223F9BFB001D0C4B /* UIColor+RGBValues.h in Headers */ = {isa = PBXBuildFile; fileRef = 7893523D223F9BFB001D0C4B /* UIColor+RGBValues.h */; };
		78935244223F9BFB001D0C4B /* UIColor+Image.m in Sources */ = {isa = PBXBuildFile; fileRef = 7893523E223F9BFB001D0C4B /* UIColor+Image.m */; };
		78935245223F9BFB001D0C4B /* UIColor+ColorfulColor.h in Headers */ = {isa = PBXBuildFile; fileRef = 7893523F223F9BFB001D0C4B /* UIColor+ColorfulColor.h */; };
		7D9CE3933B1BD4251D7E38C8 /* libPods-MagicThought.a in Frameworks */ = {isa = PBXBuildFile; fileRef = 3E6954489A214AEC6611949C /* libPods-MagicThought.a */; };
/* End PBXBuildFile section */

/* Begin PBXFileReference section */
		210510B7765DBA71AEBA6E98 /* Pods-MagicThought.release.xcconfig */ = {isa = PBXFileReference; includeInIndex = 1; lastKnownFileType = text.xcconfig; name = "Pods-MagicThought.release.xcconfig"; path = "Pods/Target Support Files/Pods-MagicThought/Pods-MagicThought.release.xcconfig"; sourceTree = "<group>"; };
		3E6954489A214AEC6611949C /* libPods-MagicThought.a */ = {isa = PBXFileReference; explicitFileType = archive.ar; includeInIndex = 0; path = "libPods-MagicThought.a"; sourceTree = BUILT_PRODUCTS_DIR; };
		5C1BD1A3B7E4CF44B667CE97 /* Pods-MagicThought.debug.xcconfig */ = {isa = PBXFileReference; includeInIndex = 1; lastKnownFileType = text.xcconfig; name = "Pods-MagicThought.debug.xcconfig"; path = "Pods/Target Support Files/Pods-MagicThought/Pods-MagicThought.debug.xcconfig"; sourceTree = "<group>"; };
		7891C98D223B90630010DD55 /* MTDefine.h */ = {isa = PBXFileReference; fileEncoding = 4; lastKnownFileType = sourcecode.c.h; path = MTDefine.h; sourceTree = "<group>"; };
		7891C98E223B90630010DD55 /* MTConst.m */ = {isa = PBXFileReference; fileEncoding = 4; lastKnownFileType = sourcecode.c.objc; path = MTConst.m; sourceTree = "<group>"; };
		7891C990223B90630010DD55 /* MTCategory.h */ = {isa = PBXFileReference; fileEncoding = 4; lastKnownFileType = sourcecode.c.h; path = MTCategory.h; sourceTree = "<group>"; };
		7891C991223B90630010DD55 /* MTConst.h */ = {isa = PBXFileReference; fileEncoding = 4; lastKnownFileType = sourcecode.c.h; path = MTConst.h; sourceTree = "<group>"; };
		7891C992223B90630010DD55 /* MTThirdSDKList.h */ = {isa = PBXFileReference; fileEncoding = 4; lastKnownFileType = sourcecode.c.h; path = MTThirdSDKList.h; sourceTree = "<group>"; };
		7891C995223B90630010DD55 /* NSString+Exist.h */ = {isa = PBXFileReference; fileEncoding = 4; lastKnownFileType = sourcecode.c.h; path = "NSString+Exist.h"; sourceTree = "<group>"; };
		7891C996223B90630010DD55 /* NSString+Exist.m */ = {isa = PBXFileReference; fileEncoding = 4; lastKnownFileType = sourcecode.c.objc; path = "NSString+Exist.m"; sourceTree = "<group>"; };
		7891C9A0223B90690010DD55 /* MTProtocol.h */ = {isa = PBXFileReference; fileEncoding = 4; lastKnownFileType = sourcecode.c.h; path = MTProtocol.h; sourceTree = "<group>"; };
		7891C9A1223B90690010DD55 /* MTApiProtocol.h */ = {isa = PBXFileReference; fileEncoding = 4; lastKnownFileType = sourcecode.c.h; path = MTApiProtocol.h; sourceTree = "<group>"; };
		7891C9A2223B90690010DD55 /* MTRequestProtocol.h */ = {isa = PBXFileReference; fileEncoding = 4; lastKnownFileType = sourcecode.c.h; path = MTRequestProtocol.h; sourceTree = "<group>"; };
		7891C9A3223B90690010DD55 /* MTStyleProtocol.h */ = {isa = PBXFileReference; fileEncoding = 4; lastKnownFileType = sourcecode.c.h; path = MTStyleProtocol.h; sourceTree = "<group>"; };
		7891C9A4223B90690010DD55 /* MTDelegateProtocol.h */ = {isa = PBXFileReference; fileEncoding = 4; lastKnownFileType = sourcecode.c.h; path = MTDelegateProtocol.h; sourceTree = "<group>"; };
		7891C9A5223B90690010DD55 /* MTKit.h */ = {isa = PBXFileReference; fileEncoding = 4; lastKnownFileType = sourcecode.c.h; path = MTKit.h; sourceTree = "<group>"; };
		78935147223F46D3001D0C4B /* MagicThought.pch */ = {isa = PBXFileReference; fileEncoding = 4; lastKnownFileType = sourcecode.c.h; path = MagicThought.pch; sourceTree = "<group>"; };
		78935149223F491A001D0C4B /* NSString+Bundle.h */ = {isa = PBXFileReference; fileEncoding = 4; lastKnownFileType = sourcecode.c.h; path = "NSString+Bundle.h"; sourceTree = "<group>"; };
		7893514A223F491A001D0C4B /* NSString+Base64.m */ = {isa = PBXFileReference; fileEncoding = 4; lastKnownFileType = sourcecode.c.objc; path = "NSString+Base64.m"; sourceTree = "<group>"; };
		7893514B223F491A001D0C4B /* NSString+Encode.m */ = {isa = PBXFileReference; fileEncoding = 4; lastKnownFileType = sourcecode.c.objc; path = "NSString+Encode.m"; sourceTree = "<group>"; };
		7893514C223F491B001D0C4B /* NSString+Bundle.m */ = {isa = PBXFileReference; fileEncoding = 4; lastKnownFileType = sourcecode.c.objc; path = "NSString+Bundle.m"; sourceTree = "<group>"; };
		7893514D223F491B001D0C4B /* NSString+Base64.h */ = {isa = PBXFileReference; fileEncoding = 4; lastKnownFileType = sourcecode.c.h; path = "NSString+Base64.h"; sourceTree = "<group>"; };
		7893514E223F491B001D0C4B /* NSString+Encode.h */ = {isa = PBXFileReference; fileEncoding = 4; lastKnownFileType = sourcecode.c.h; path = "NSString+Encode.h"; sourceTree = "<group>"; };
		78935155223F492D001D0C4B /* NSString+Replace.m */ = {isa = PBXFileReference; fileEncoding = 4; lastKnownFileType = sourcecode.c.objc; path = "NSString+Replace.m"; sourceTree = "<group>"; };
		78935156223F492E001D0C4B /* NSString+MD5.m */ = {isa = PBXFileReference; fileEncoding = 4; lastKnownFileType = sourcecode.c.objc; path = "NSString+MD5.m"; sourceTree = "<group>"; };
		78935157223F492E001D0C4B /* NSString+TestString.h */ = {isa = PBXFileReference; fileEncoding = 4; lastKnownFileType = sourcecode.c.h; path = "NSString+TestString.h"; sourceTree = "<group>"; };
		78935158223F492E001D0C4B /* NSString+Hash.m */ = {isa = PBXFileReference; fileEncoding = 4; lastKnownFileType = sourcecode.c.objc; path = "NSString+Hash.m"; sourceTree = "<group>"; };
		78935159223F492E001D0C4B /* NSString+Money.h */ = {isa = PBXFileReference; fileEncoding = 4; lastKnownFileType = sourcecode.c.h; path = "NSString+Money.h"; sourceTree = "<group>"; };
		7893515A223F492E001D0C4B /* NSString+Hash.h */ = {isa = PBXFileReference; fileEncoding = 4; lastKnownFileType = sourcecode.c.h; path = "NSString+Hash.h"; sourceTree = "<group>"; };
		7893515B223F492E001D0C4B /* NSString+Replace.h */ = {isa = PBXFileReference; fileEncoding = 4; lastKnownFileType = sourcecode.c.h; path = "NSString+Replace.h"; sourceTree = "<group>"; };
		7893515C223F492E001D0C4B /* NSString+MD5.h */ = {isa = PBXFileReference; fileEncoding = 4; lastKnownFileType = sourcecode.c.h; path = "NSString+MD5.h"; sourceTree = "<group>"; };
		7893515D223F492E001D0C4B /* NSString+Money.m */ = {isa = PBXFileReference; fileEncoding = 4; lastKnownFileType = sourcecode.c.objc; path = "NSString+Money.m"; sourceTree = "<group>"; };
		7893515E223F492E001D0C4B /* NSString+TestString.m */ = {isa = PBXFileReference; fileEncoding = 4; lastKnownFileType = sourcecode.c.objc; path = "NSString+TestString.m"; sourceTree = "<group>"; };
		78935169223F493D001D0C4B /* NSString+Unicode.h */ = {isa = PBXFileReference; fileEncoding = 4; lastKnownFileType = sourcecode.c.h; path = "NSString+Unicode.h"; sourceTree = "<group>"; };
		7893516A223F493D001D0C4B /* NSString+WordHeight.h */ = {isa = PBXFileReference; fileEncoding = 4; lastKnownFileType = sourcecode.c.h; path = "NSString+WordHeight.h"; sourceTree = "<group>"; };
		7893516B223F493D001D0C4B /* NSString+Unicode.m */ = {isa = PBXFileReference; fileEncoding = 4; lastKnownFileType = sourcecode.c.objc; path = "NSString+Unicode.m"; sourceTree = "<group>"; };
		7893516C223F493D001D0C4B /* NSString+WordHeight.m */ = {isa = PBXFileReference; fileEncoding = 4; lastKnownFileType = sourcecode.c.objc; path = "NSString+WordHeight.m"; sourceTree = "<group>"; };
		7893521A223F6AD2001D0C4B /* MTGraphicType.h */ = {isa = PBXFileReference; fileEncoding = 4; lastKnownFileType = sourcecode.c.h; path = MTGraphicType.h; sourceTree = "<group>"; };
		7893521B223F6AD2001D0C4B /* MTWordStyle.m */ = {isa = PBXFileReference; fileEncoding = 4; lastKnownFileType = sourcecode.c.objc; path = MTWordStyle.m; sourceTree = "<group>"; };
		7893521C223F6AD2001D0C4B /* MTStyle.h */ = {isa = PBXFileReference; fileEncoding = 4; lastKnownFileType = sourcecode.c.h; path = MTStyle.h; sourceTree = "<group>"; };
		7893521D223F6AD2001D0C4B /* MTBorderStyle.h */ = {isa = PBXFileReference; fileEncoding = 4; lastKnownFileType = sourcecode.c.h; path = MTBorderStyle.h; sourceTree = "<group>"; };
		7893521E223F6AD2001D0C4B /* MTAlertStyle.h */ = {isa = PBXFileReference; fileEncoding = 4; lastKnownFileType = sourcecode.c.h; path = MTAlertStyle.h; sourceTree = "<group>"; };
		7893521F223F6AD2001D0C4B /* MTAlertStyle.m */ = {isa = PBXFileReference; fileEncoding = 4; lastKnownFileType = sourcecode.c.objc; path = MTAlertStyle.m; sourceTree = "<group>"; };
		78935220223F6AD2001D0C4B /* MTBorderStyle.m */ = {isa = PBXFileReference; fileEncoding = 4; lastKnownFileType = sourcecode.c.objc; path = MTBorderStyle.m; sourceTree = "<group>"; };
		78935221223F6AD2001D0C4B /* MTWordStyle.h */ = {isa = PBXFileReference; fileEncoding = 4; lastKnownFileType = sourcecode.c.h; path = MTWordStyle.h; sourceTree = "<group>"; };
		7893522B223F9BE7001D0C4B /* CLLocation+Mar.m */ = {isa = PBXFileReference; fileEncoding = 4; lastKnownFileType = sourcecode.c.objc; path = "CLLocation+Mar.m"; sourceTree = "<group>"; };
		7893522C223F9BE7001D0C4B /* CLLocation+Mar.h */ = {isa = PBXFileReference; fileEncoding = 4; lastKnownFileType = sourcecode.c.h; path = "CLLocation+Mar.h"; sourceTree = "<group>"; };
		78935230223F9BEC001D0C4B /* NSObject+HideKey.h */ = {isa = PBXFileReference; fileEncoding = 4; lastKnownFileType = sourcecode.c.h; path = "NSObject+HideKey.h"; sourceTree = "<group>"; };
		78935231223F9BEC001D0C4B /* NSObject+HideKey.m */ = {isa = PBXFileReference; fileEncoding = 4; lastKnownFileType = sourcecode.c.objc; path = "NSObject+HideKey.m"; sourceTree = "<group>"; };
		78935235223F9BF6001D0C4B /* UIButton+HighLight.m */ = {isa = PBXFileReference; fileEncoding = 4; lastKnownFileType = sourcecode.c.objc; path = "UIButton+HighLight.m"; sourceTree = "<group>"; };
		78935236223F9BF6001D0C4B /* UIButton+HighLight.h */ = {isa = PBXFileReference; fileEncoding = 4; lastKnownFileType = sourcecode.c.h; path = "UIButton+HighLight.h"; sourceTree = "<group>"; };
		7893523A223F9BFB001D0C4B /* UIColor+RGBValues.m */ = {isa = PBXFileReference; fileEncoding = 4; lastKnownFileType = sourcecode.c.objc; path = "UIColor+RGBValues.m"; sourceTree = "<group>"; };
		7893523B223F9BFB001D0C4B /* UIColor+Image.h */ = {isa = PBXFileReference; fileEncoding = 4; lastKnownFileType = sourcecode.c.h; path = "UIColor+Image.h"; sourceTree = "<group>"; };
		7893523C223F9BFB001D0C4B /* UIColor+ColorfulColor.m */ = {isa = PBXFileReference; fileEncoding = 4; lastKnownFileType = sourcecode.c.objc; path = "UIColor+ColorfulColor.m"; sourceTree = "<group>"; };
		7893523D223F9BFB001D0C4B /* UIColor+RGBValues.h */ = {isa = PBXFileReference; fileEncoding = 4; lastKnownFileType = sourcecode.c.h; path = "UIColor+RGBValues.h"; sourceTree = "<group>"; };
		7893523E223F9BFB001D0C4B /* UIColor+Image.m */ = {isa = PBXFileReference; fileEncoding = 4; lastKnownFileType = sourcecode.c.objc; path = "UIColor+Image.m"; sourceTree = "<group>"; };
		7893523F223F9BFB001D0C4B /* UIColor+ColorfulColor.h */ = {isa = PBXFileReference; fileEncoding = 4; lastKnownFileType = sourcecode.c.h; path = "UIColor+ColorfulColor.h"; sourceTree = "<group>"; };
		78F3327C2239051C00DA02F6 /* MagicThought.framework */ = {isa = PBXFileReference; explicitFileType = wrapper.framework; includeInIndex = 0; path = MagicThought.framework; sourceTree = BUILT_PRODUCTS_DIR; };
		78F332802239051C00DA02F6 /* Info.plist */ = {isa = PBXFileReference; lastKnownFileType = text.plist.xml; path = Info.plist; sourceTree = "<group>"; };
/* End PBXFileReference section */

/* Begin PBXFrameworksBuildPhase section */
		78F332792239051C00DA02F6 /* Frameworks */ = {
			isa = PBXFrameworksBuildPhase;
			buildActionMask = 2147483647;
			files = (
				7D9CE3933B1BD4251D7E38C8 /* libPods-MagicThought.a in Frameworks */,
			);
			runOnlyForDeploymentPostprocessing = 0;
		};
/* End PBXFrameworksBuildPhase section */

/* Begin PBXGroup section */
		7891C98C223B90630010DD55 /* Config */ = {
			isa = PBXGroup;
			children = (
				78935147223F46D3001D0C4B /* MagicThought.pch */,
				7891C990223B90630010DD55 /* MTCategory.h */,
				7891C98D223B90630010DD55 /* MTDefine.h */,
				7891C991223B90630010DD55 /* MTConst.h */,
				7891C98E223B90630010DD55 /* MTConst.m */,
				7891C992223B90630010DD55 /* MTThirdSDKList.h */,
			);
			path = Config;
			sourceTree = "<group>";
		};
		7891C993223B90630010DD55 /* Category */ = {
			isa = PBXGroup;
			children = (
				78935239223F9BFB001D0C4B /* UIColor */,
				78935234223F9BF6001D0C4B /* UIButton */,
				7893522F223F9BEC001D0C4B /* NSObject */,
				7893522A223F9BE7001D0C4B /* CLLocation */,
				7891C994223B90630010DD55 /* NSString */,
			);
			path = Category;
			sourceTree = "<group>";
		};
		7891C994223B90630010DD55 /* NSString */ = {
			isa = PBXGroup;
			children = (
				78935169223F493D001D0C4B /* NSString+Unicode.h */,
				7893516B223F493D001D0C4B /* NSString+Unicode.m */,
				7893516A223F493D001D0C4B /* NSString+WordHeight.h */,
				7893516C223F493D001D0C4B /* NSString+WordHeight.m */,
				7893515A223F492E001D0C4B /* NSString+Hash.h */,
				78935158223F492E001D0C4B /* NSString+Hash.m */,
				7893515C223F492E001D0C4B /* NSString+MD5.h */,
				78935156223F492E001D0C4B /* NSString+MD5.m */,
				78935159223F492E001D0C4B /* NSString+Money.h */,
				7893515D223F492E001D0C4B /* NSString+Money.m */,
				7893515B223F492E001D0C4B /* NSString+Replace.h */,
				78935155223F492D001D0C4B /* NSString+Replace.m */,
				78935157223F492E001D0C4B /* NSString+TestString.h */,
				7893515E223F492E001D0C4B /* NSString+TestString.m */,
				7893514D223F491B001D0C4B /* NSString+Base64.h */,
				7893514A223F491A001D0C4B /* NSString+Base64.m */,
				78935149223F491A001D0C4B /* NSString+Bundle.h */,
				7893514C223F491B001D0C4B /* NSString+Bundle.m */,
				7893514E223F491B001D0C4B /* NSString+Encode.h */,
				7893514B223F491A001D0C4B /* NSString+Encode.m */,
				7891C995223B90630010DD55 /* NSString+Exist.h */,
				7891C996223B90630010DD55 /* NSString+Exist.m */,
			);
			path = NSString;
			sourceTree = "<group>";
		};
		7891C99F223B90690010DD55 /* Protocol */ = {
			isa = PBXGroup;
			children = (
				7891C9A0223B90690010DD55 /* MTProtocol.h */,
				7891C9A1223B90690010DD55 /* MTApiProtocol.h */,
				7891C9A2223B90690010DD55 /* MTRequestProtocol.h */,
				7891C9A3223B90690010DD55 /* MTStyleProtocol.h */,
				7891C9A4223B90690010DD55 /* MTDelegateProtocol.h */,
			);
			path = Protocol;
			sourceTree = "<group>";
		};
		78935219223F6AD2001D0C4B /* Style */ = {
			isa = PBXGroup;
			children = (
				7893521C223F6AD2001D0C4B /* MTStyle.h */,
				78935221223F6AD2001D0C4B /* MTWordStyle.h */,
				7893521B223F6AD2001D0C4B /* MTWordStyle.m */,
				7893521A223F6AD2001D0C4B /* MTGraphicType.h */,
				7893521D223F6AD2001D0C4B /* MTBorderStyle.h */,
				78935220223F6AD2001D0C4B /* MTBorderStyle.m */,
				7893521E223F6AD2001D0C4B /* MTAlertStyle.h */,
				7893521F223F6AD2001D0C4B /* MTAlertStyle.m */,
			);
			path = Style;
			sourceTree = "<group>";
		};
		7893522A223F9BE7001D0C4B /* CLLocation */ = {
			isa = PBXGroup;
			children = (
				7893522B223F9BE7001D0C4B /* CLLocation+Mar.m */,
				7893522C223F9BE7001D0C4B /* CLLocation+Mar.h */,
			);
			path = CLLocation;
			sourceTree = "<group>";
		};
		7893522F223F9BEC001D0C4B /* NSObject */ = {
			isa = PBXGroup;
			children = (
				78935230223F9BEC001D0C4B /* NSObject+HideKey.h */,
				78935231223F9BEC001D0C4B /* NSObject+HideKey.m */,
			);
			path = NSObject;
			sourceTree = "<group>";
		};
		78935234223F9BF6001D0C4B /* UIButton */ = {
			isa = PBXGroup;
			children = (
				78935235223F9BF6001D0C4B /* UIButton+HighLight.m */,
				78935236223F9BF6001D0C4B /* UIButton+HighLight.h */,
			);
			path = UIButton;
			sourceTree = "<group>";
		};
		78935239223F9BFB001D0C4B /* UIColor */ = {
			isa = PBXGroup;
			children = (
				7893523A223F9BFB001D0C4B /* UIColor+RGBValues.m */,
				7893523B223F9BFB001D0C4B /* UIColor+Image.h */,
				7893523C223F9BFB001D0C4B /* UIColor+ColorfulColor.m */,
				7893523D223F9BFB001D0C4B /* UIColor+RGBValues.h */,
				7893523E223F9BFB001D0C4B /* UIColor+Image.m */,
				7893523F223F9BFB001D0C4B /* UIColor+ColorfulColor.h */,
			);
			path = UIColor;
			sourceTree = "<group>";
		};
		78F332722239051C00DA02F6 = {
			isa = PBXGroup;
			children = (
				78F3327E2239051C00DA02F6 /* MagicThought */,
				78F3327D2239051C00DA02F6 /* Products */,
				F87FCD8DD13800263C4EB349 /* Pods */,
				D559A87529C6794F0A7F249A /* Frameworks */,
			);
			sourceTree = "<group>";
		};
		78F3327D2239051C00DA02F6 /* Products */ = {
			isa = PBXGroup;
			children = (
				78F3327C2239051C00DA02F6 /* MagicThought.framework */,
			);
			name = Products;
			sourceTree = "<group>";
		};
		78F3327E2239051C00DA02F6 /* MagicThought */ = {
			isa = PBXGroup;
			children = (
				7891C9A5223B90690010DD55 /* MTKit.h */,
				78935219223F6AD2001D0C4B /* Style */,
				7891C99F223B90690010DD55 /* Protocol */,
				7891C993223B90630010DD55 /* Category */,
				7891C98C223B90630010DD55 /* Config */,
				78F332802239051C00DA02F6 /* Info.plist */,
			);
			path = MagicThought;
			sourceTree = "<group>";
		};
		D559A87529C6794F0A7F249A /* Frameworks */ = {
			isa = PBXGroup;
			children = (
				3E6954489A214AEC6611949C /* libPods-MagicThought.a */,
			);
			name = Frameworks;
			sourceTree = "<group>";
		};
		F87FCD8DD13800263C4EB349 /* Pods */ = {
			isa = PBXGroup;
			children = (
				5C1BD1A3B7E4CF44B667CE97 /* Pods-MagicThought.debug.xcconfig */,
				210510B7765DBA71AEBA6E98 /* Pods-MagicThought.release.xcconfig */,
			);
			name = Pods;
			sourceTree = "<group>";
		};
/* End PBXGroup section */

/* Begin PBXHeadersBuildPhase section */
		78F332772239051C00DA02F6 /* Headers */ = {
			isa = PBXHeadersBuildPhase;
			buildActionMask = 2147483647;
			files = (
				78935241223F9BFB001D0C4B /* UIColor+Image.h in Headers */,
				7891C99D223B90630010DD55 /* NSString+Exist.h in Headers */,
				78935165223F492F001D0C4B /* NSString+Replace.h in Headers */,
				78935232223F9BEC001D0C4B /* NSObject+HideKey.h in Headers */,
				7893516D223F493E001D0C4B /* NSString+Unicode.h in Headers */,
				7893514F223F491B001D0C4B /* NSString+Bundle.h in Headers */,
				78935148223F46D3001D0C4B /* MagicThought.pch in Headers */,
				78935222223F6AD2001D0C4B /* MTGraphicType.h in Headers */,
				78935164223F492F001D0C4B /* NSString+Hash.h in Headers */,
				78935225223F6AD2001D0C4B /* MTBorderStyle.h in Headers */,
				78935238223F9BF6001D0C4B /* UIButton+HighLight.h in Headers */,
				78935161223F492F001D0C4B /* NSString+TestString.h in Headers */,
				7893516E223F493E001D0C4B /* NSString+WordHeight.h in Headers */,
				78935163223F492F001D0C4B /* NSString+Money.h in Headers */,
				78935153223F491B001D0C4B /* NSString+Base64.h in Headers */,
				78935245223F9BFB001D0C4B /* UIColor+ColorfulColor.h in Headers */,
				78935154223F491B001D0C4B /* NSString+Encode.h in Headers */,
				78935166223F492F001D0C4B /* NSString+MD5.h in Headers */,
				78935229223F6AD2001D0C4B /* MTWordStyle.h in Headers */,
				7891C997223B90630010DD55 /* MTDefine.h in Headers */,
				7891C9A7223B90690010DD55 /* MTApiProtocol.h in Headers */,
				7891C9A6223B90690010DD55 /* MTProtocol.h in Headers */,
				7891C9AA223B90690010DD55 /* MTDelegateProtocol.h in Headers */,
				7891C9AB223B90690010DD55 /* MTKit.h in Headers */,
				78935224223F6AD2001D0C4B /* MTStyle.h in Headers */,
				7891C9A9223B90690010DD55 /* MTStyleProtocol.h in Headers */,
				78935226223F6AD2001D0C4B /* MTAlertStyle.h in Headers */,
				7891C9A8223B90690010DD55 /* MTRequestProtocol.h in Headers */,
				7891C99A223B90630010DD55 /* MTCategory.h in Headers */,
				78935243223F9BFB001D0C4B /* UIColor+RGBValues.h in Headers */,
				7893522E223F9BE7001D0C4B /* CLLocation+Mar.h in Headers */,
				7891C99C223B90630010DD55 /* MTThirdSDKList.h in Headers */,
				7891C99B223B90630010DD55 /* MTConst.h in Headers */,
			);
			runOnlyForDeploymentPostprocessing = 0;
		};
/* End PBXHeadersBuildPhase section */

/* Begin PBXNativeTarget section */
		78F3327B2239051C00DA02F6 /* MagicThought */ = {
			isa = PBXNativeTarget;
			buildConfigurationList = 78F332842239051C00DA02F6 /* Build configuration list for PBXNativeTarget "MagicThought" */;
			buildPhases = (
				A6300BC003CF5E2206E76CAD /* [CP] Check Pods Manifest.lock */,
				78F332772239051C00DA02F6 /* Headers */,
				78F332782239051C00DA02F6 /* Sources */,
				78F332792239051C00DA02F6 /* Frameworks */,
				78F3327A2239051C00DA02F6 /* Resources */,
				98E9855E405714EF86106473 /* [CP] Copy Pods Resources */,
			);
			buildRules = (
			);
			dependencies = (
			);
			name = MagicThought;
			productName = MagicThought;
			productReference = 78F3327C2239051C00DA02F6 /* MagicThought.framework */;
			productType = "com.apple.product-type.framework";
		};
/* End PBXNativeTarget section */

/* Begin PBXProject section */
		78F332732239051C00DA02F6 /* Project object */ = {
			isa = PBXProject;
			attributes = {
				LastUpgradeCheck = 1010;
				ORGANIZATIONNAME = monda;
				TargetAttributes = {
					78F3327B2239051C00DA02F6 = {
						CreatedOnToolsVersion = 10.1;
					};
				};
			};
			buildConfigurationList = 78F332762239051C00DA02F6 /* Build configuration list for PBXProject "MagicThought" */;
			compatibilityVersion = "Xcode 9.3";
			developmentRegion = en;
			hasScannedForEncodings = 0;
			knownRegions = (
				en,
			);
			mainGroup = 78F332722239051C00DA02F6;
			productRefGroup = 78F3327D2239051C00DA02F6 /* Products */;
			projectDirPath = "";
			projectRoot = "";
			targets = (
				78F3327B2239051C00DA02F6 /* MagicThought */,
			);
		};
/* End PBXProject section */

/* Begin PBXResourcesBuildPhase section */
		78F3327A2239051C00DA02F6 /* Resources */ = {
			isa = PBXResourcesBuildPhase;
			buildActionMask = 2147483647;
			files = (
			);
			runOnlyForDeploymentPostprocessing = 0;
		};
/* End PBXResourcesBuildPhase section */

/* Begin PBXShellScriptBuildPhase section */
		98E9855E405714EF86106473 /* [CP] Copy Pods Resources */ = {
			isa = PBXShellScriptBuildPhase;
			buildActionMask = 2147483647;
			files = (
			);
			inputPaths = (
				"${SRCROOT}/Pods/Target Support Files/Pods-MagicThought/Pods-MagicThought-resources.sh",
				"${PODS_ROOT}/IQKeyboardManager/IQKeyboardManager/Resources/IQKeyboardManager.bundle",
				"${PODS_ROOT}/MJRefresh/MJRefresh/MJRefresh.bundle",
				"${PODS_ROOT}/SSKeychain/Support/SSKeychain.bundle",
				"${PODS_ROOT}/SVProgressHUD/SVProgressHUD/SVProgressHUD.bundle",
			);
			name = "[CP] Copy Pods Resources";
			outputPaths = (
				"${TARGET_BUILD_DIR}/${UNLOCALIZED_RESOURCES_FOLDER_PATH}/IQKeyboardManager.bundle",
				"${TARGET_BUILD_DIR}/${UNLOCALIZED_RESOURCES_FOLDER_PATH}/MJRefresh.bundle",
				"${TARGET_BUILD_DIR}/${UNLOCALIZED_RESOURCES_FOLDER_PATH}/SSKeychain.bundle",
				"${TARGET_BUILD_DIR}/${UNLOCALIZED_RESOURCES_FOLDER_PATH}/SVProgressHUD.bundle",
			);
			runOnlyForDeploymentPostprocessing = 0;
			shellPath = /bin/sh;
			shellScript = "\"${SRCROOT}/Pods/Target Support Files/Pods-MagicThought/Pods-MagicThought-resources.sh\"\n";
			showEnvVarsInLog = 0;
		};
		A6300BC003CF5E2206E76CAD /* [CP] Check Pods Manifest.lock */ = {
			isa = PBXShellScriptBuildPhase;
			buildActionMask = 2147483647;
			files = (
			);
			inputPaths = (
				"${PODS_PODFILE_DIR_PATH}/Podfile.lock",
				"${PODS_ROOT}/Manifest.lock",
			);
			name = "[CP] Check Pods Manifest.lock";
			outputPaths = (
				"$(DERIVED_FILE_DIR)/Pods-MagicThought-checkManifestLockResult.txt",
			);
			runOnlyForDeploymentPostprocessing = 0;
			shellPath = /bin/sh;
			shellScript = "diff \"${PODS_PODFILE_DIR_PATH}/Podfile.lock\" \"${PODS_ROOT}/Manifest.lock\" > /dev/null\nif [ $? != 0 ] ; then\n    # print error to STDERR\n    echo \"error: The sandbox is not in sync with the Podfile.lock. Run 'pod install' or update your CocoaPods installation.\" >&2\n    exit 1\nfi\n# This output is used by Xcode 'outputs' to avoid re-running this script phase.\necho \"SUCCESS\" > \"${SCRIPT_OUTPUT_FILE_0}\"\n";
			showEnvVarsInLog = 0;
		};
/* End PBXShellScriptBuildPhase section */

/* Begin PBXSourcesBuildPhase section */
		78F332782239051C00DA02F6 /* Sources */ = {
			isa = PBXSourcesBuildPhase;
			buildActionMask = 2147483647;
			files = (
				78935167223F492F001D0C4B /* NSString+Money.m in Sources */,
				78935244223F9BFB001D0C4B /* UIColor+Image.m in Sources */,
				78935227223F6AD2001D0C4B /* MTAlertStyle.m in Sources */,
				7893515F223F492F001D0C4B /* NSString+Replace.m in Sources */,
				78935242223F9BFB001D0C4B /* UIColor+ColorfulColor.m in Sources */,
				78935162223F492F001D0C4B /* NSString+Hash.m in Sources */,
				78935152223F491B001D0C4B /* NSString+Bundle.m in Sources */,
				78935170223F493E001D0C4B /* NSString+WordHeight.m in Sources */,
				78935150223F491B001D0C4B /* NSString+Base64.m in Sources */,
				78935223223F6AD2001D0C4B /* MTWordStyle.m in Sources */,
				78935151223F491B001D0C4B /* NSString+Encode.m in Sources */,
				7893516F223F493E001D0C4B /* NSString+Unicode.m in Sources */,
				78935237223F9BF6001D0C4B /* UIButton+HighLight.m in Sources */,
				78935240223F9BFB001D0C4B /* UIColor+RGBValues.m in Sources */,
				7891C998223B90630010DD55 /* MTConst.m in Sources */,
				78935233223F9BEC001D0C4B /* NSObject+HideKey.m in Sources */,
				78935228223F6AD2001D0C4B /* MTBorderStyle.m in Sources */,
				7891C99E223B90630010DD55 /* NSString+Exist.m in Sources */,
				78935168223F492F001D0C4B /* NSString+TestString.m in Sources */,
				7893522D223F9BE7001D0C4B /* CLLocation+Mar.m in Sources */,
				78935160223F492F001D0C4B /* NSString+MD5.m in Sources */,
			);
			runOnlyForDeploymentPostprocessing = 0;
		};
/* End PBXSourcesBuildPhase section */

/* Begin XCBuildConfiguration section */
		78F332822239051C00DA02F6 /* Debug */ = {
			isa = XCBuildConfiguration;
			buildSettings = {
				ALWAYS_SEARCH_USER_PATHS = NO;
				CLANG_ALLOW_NON_MODULAR_INCLUDES_IN_FRAMEWORK_MODULES = YES;
				CLANG_ANALYZER_NONNULL = YES;
				CLANG_ANALYZER_NUMBER_OBJECT_CONVERSION = YES_AGGRESSIVE;
				CLANG_CXX_LANGUAGE_STANDARD = "gnu++14";
				CLANG_CXX_LIBRARY = "libc++";
				CLANG_ENABLE_MODULES = YES;
				CLANG_ENABLE_OBJC_ARC = YES;
				CLANG_ENABLE_OBJC_WEAK = YES;
				CLANG_WARN_BLOCK_CAPTURE_AUTORELEASING = YES;
				CLANG_WARN_BOOL_CONVERSION = YES;
				CLANG_WARN_COMMA = YES;
				CLANG_WARN_CONSTANT_CONVERSION = YES;
				CLANG_WARN_DEPRECATED_OBJC_IMPLEMENTATIONS = YES;
				CLANG_WARN_DIRECT_OBJC_ISA_USAGE = YES_ERROR;
				CLANG_WARN_DOCUMENTATION_COMMENTS = YES;
				CLANG_WARN_EMPTY_BODY = YES;
				CLANG_WARN_ENUM_CONVERSION = YES;
				CLANG_WARN_INFINITE_RECURSION = YES;
				CLANG_WARN_INT_CONVERSION = YES;
				CLANG_WARN_NON_LITERAL_NULL_CONVERSION = YES;
				CLANG_WARN_OBJC_IMPLICIT_RETAIN_SELF = YES;
				CLANG_WARN_OBJC_LITERAL_CONVERSION = YES;
				CLANG_WARN_OBJC_ROOT_CLASS = YES_ERROR;
				CLANG_WARN_RANGE_LOOP_ANALYSIS = YES;
				CLANG_WARN_STRICT_PROTOTYPES = YES;
				CLANG_WARN_SUSPICIOUS_MOVE = YES;
				CLANG_WARN_UNGUARDED_AVAILABILITY = YES_AGGRESSIVE;
				CLANG_WARN_UNREACHABLE_CODE = YES;
				CLANG_WARN__DUPLICATE_METHOD_MATCH = YES;
				CODE_SIGN_IDENTITY = "iPhone Developer";
				COPY_PHASE_STRIP = NO;
				CURRENT_PROJECT_VERSION = 1;
				DEBUG_INFORMATION_FORMAT = dwarf;
				ENABLE_STRICT_OBJC_MSGSEND = YES;
				ENABLE_TESTABILITY = YES;
				GCC_C_LANGUAGE_STANDARD = gnu11;
				GCC_DYNAMIC_NO_PIC = NO;
				GCC_NO_COMMON_BLOCKS = YES;
				GCC_OPTIMIZATION_LEVEL = 0;
				GCC_PREPROCESSOR_DEFINITIONS = (
					"DEBUG=1",
					"$(inherited)",
				);
				GCC_WARN_64_TO_32_BIT_CONVERSION = YES;
				GCC_WARN_ABOUT_RETURN_TYPE = YES_ERROR;
				GCC_WARN_UNDECLARED_SELECTOR = YES;
				GCC_WARN_UNINITIALIZED_AUTOS = YES_AGGRESSIVE;
				GCC_WARN_UNUSED_FUNCTION = YES;
				GCC_WARN_UNUSED_VARIABLE = YES;
				IPHONEOS_DEPLOYMENT_TARGET = 8.0;
				MTL_ENABLE_DEBUG_INFO = INCLUDE_SOURCE;
				MTL_FAST_MATH = YES;
				ONLY_ACTIVE_ARCH = YES;
				SDKROOT = iphoneos;
				VERSIONING_SYSTEM = "apple-generic";
				VERSION_INFO_PREFIX = "";
			};
			name = Debug;
		};
		78F332832239051C00DA02F6 /* Release */ = {
			isa = XCBuildConfiguration;
			buildSettings = {
				ALWAYS_SEARCH_USER_PATHS = NO;
				CLANG_ALLOW_NON_MODULAR_INCLUDES_IN_FRAMEWORK_MODULES = YES;
				CLANG_ANALYZER_NONNULL = YES;
				CLANG_ANALYZER_NUMBER_OBJECT_CONVERSION = YES_AGGRESSIVE;
				CLANG_CXX_LANGUAGE_STANDARD = "gnu++14";
				CLANG_CXX_LIBRARY = "libc++";
				CLANG_ENABLE_MODULES = YES;
				CLANG_ENABLE_OBJC_ARC = YES;
				CLANG_ENABLE_OBJC_WEAK = YES;
				CLANG_WARN_BLOCK_CAPTURE_AUTORELEASING = YES;
				CLANG_WARN_BOOL_CONVERSION = YES;
				CLANG_WARN_COMMA = YES;
				CLANG_WARN_CONSTANT_CONVERSION = YES;
				CLANG_WARN_DEPRECATED_OBJC_IMPLEMENTATIONS = YES;
				CLANG_WARN_DIRECT_OBJC_ISA_USAGE = YES_ERROR;
				CLANG_WARN_DOCUMENTATION_COMMENTS = YES;
				CLANG_WARN_EMPTY_BODY = YES;
				CLANG_WARN_ENUM_CONVERSION = YES;
				CLANG_WARN_INFINITE_RECURSION = YES;
				CLANG_WARN_INT_CONVERSION = YES;
				CLANG_WARN_NON_LITERAL_NULL_CONVERSION = YES;
				CLANG_WARN_OBJC_IMPLICIT_RETAIN_SELF = YES;
				CLANG_WARN_OBJC_LITERAL_CONVERSION = YES;
				CLANG_WARN_OBJC_ROOT_CLASS = YES_ERROR;
				CLANG_WARN_RANGE_LOOP_ANALYSIS = YES;
				CLANG_WARN_STRICT_PROTOTYPES = YES;
				CLANG_WARN_SUSPICIOUS_MOVE = YES;
				CLANG_WARN_UNGUARDED_AVAILABILITY = YES_AGGRESSIVE;
				CLANG_WARN_UNREACHABLE_CODE = YES;
				CLANG_WARN__DUPLICATE_METHOD_MATCH = YES;
				CODE_SIGN_IDENTITY = "iPhone Developer";
				COPY_PHASE_STRIP = NO;
				CURRENT_PROJECT_VERSION = 1;
				DEBUG_INFORMATION_FORMAT = "dwarf-with-dsym";
				ENABLE_NS_ASSERTIONS = NO;
				ENABLE_STRICT_OBJC_MSGSEND = YES;
				GCC_C_LANGUAGE_STANDARD = gnu11;
				GCC_NO_COMMON_BLOCKS = YES;
				GCC_WARN_64_TO_32_BIT_CONVERSION = YES;
				GCC_WARN_ABOUT_RETURN_TYPE = YES_ERROR;
				GCC_WARN_UNDECLARED_SELECTOR = YES;
				GCC_WARN_UNINITIALIZED_AUTOS = YES_AGGRESSIVE;
				GCC_WARN_UNUSED_FUNCTION = YES;
				GCC_WARN_UNUSED_VARIABLE = YES;
				IPHONEOS_DEPLOYMENT_TARGET = 8.0;
				MTL_ENABLE_DEBUG_INFO = NO;
				MTL_FAST_MATH = YES;
				SDKROOT = iphoneos;
				VALIDATE_PRODUCT = YES;
				VERSIONING_SYSTEM = "apple-generic";
				VERSION_INFO_PREFIX = "";
			};
			name = Release;
		};
		78F332852239051C00DA02F6 /* Debug */ = {
			isa = XCBuildConfiguration;
			baseConfigurationReference = 5C1BD1A3B7E4CF44B667CE97 /* Pods-MagicThought.debug.xcconfig */;
			buildSettings = {
				CLANG_ALLOW_NON_MODULAR_INCLUDES_IN_FRAMEWORK_MODULES = YES;
				CODE_SIGN_IDENTITY = "";
				CODE_SIGN_STYLE = Automatic;
				DEFINES_MODULE = YES;
				DEVELOPMENT_TEAM = 3Z53NDVD32;
				DYLIB_COMPATIBILITY_VERSION = 1;
				DYLIB_CURRENT_VERSION = 1;
				DYLIB_INSTALL_NAME_BASE = "@rpath";
				GCC_C_LANGUAGE_STANDARD = gnu11;
				GCC_PREFIX_HEADER = "";
				INFOPLIST_FILE = MagicThought/Info.plist;
				INSTALL_PATH = "$(LOCAL_LIBRARY_DIR)/Frameworks";
				LD_RUNPATH_SEARCH_PATHS = (
					"$(inherited)",
					"@executable_path/Frameworks",
					"@loader_path/Frameworks",
				);
				ONLY_ACTIVE_ARCH = YES;
				PRODUCT_BUNDLE_IDENTIFIER = com.dayi.www.MagicThought;
				PRODUCT_NAME = "$(TARGET_NAME:c99extidentifier)";
				SKIP_INSTALL = YES;
				TARGETED_DEVICE_FAMILY = "1,2";
				VALID_ARCHS = "arm64 armv7s arm64e";
			};
			name = Debug;
		};
		78F332862239051C00DA02F6 /* Release */ = {
			isa = XCBuildConfiguration;
			baseConfigurationReference = 210510B7765DBA71AEBA6E98 /* Pods-MagicThought.release.xcconfig */;
			buildSettings = {
				CLANG_ALLOW_NON_MODULAR_INCLUDES_IN_FRAMEWORK_MODULES = YES;
				CODE_SIGN_IDENTITY = "";
				CODE_SIGN_STYLE = Automatic;
				DEFINES_MODULE = YES;
				DEVELOPMENT_TEAM = 3Z53NDVD32;
				DYLIB_COMPATIBILITY_VERSION = 1;
				DYLIB_CURRENT_VERSION = 1;
				DYLIB_INSTALL_NAME_BASE = "@rpath";
				GCC_C_LANGUAGE_STANDARD = gnu11;
				GCC_PREFIX_HEADER = "";
				INFOPLIST_FILE = MagicThought/Info.plist;
				INSTALL_PATH = "$(LOCAL_LIBRARY_DIR)/Frameworks";
				LD_RUNPATH_SEARCH_PATHS = (
					"$(inherited)",
					"@executable_path/Frameworks",
					"@loader_path/Frameworks",
				);
				ONLY_ACTIVE_ARCH = NO;
				PRODUCT_BUNDLE_IDENTIFIER = com.dayi.www.MagicThought;
				PRODUCT_NAME = "$(TARGET_NAME:c99extidentifier)";
				SKIP_INSTALL = YES;
				TARGETED_DEVICE_FAMILY = "1,2";
				VALID_ARCHS = "arm64 armv7s arm64e";
			};
			name = Release;
		};
/* End XCBuildConfiguration section */

/* Begin XCConfigurationList section */
		78F332762239051C00DA02F6 /* Build configuration list for PBXProject "MagicThought" */ = {
			isa = XCConfigurationList;
			buildConfigurations = (
				78F332822239051C00DA02F6 /* Debug */,
				78F332832239051C00DA02F6 /* Release */,
			);
			defaultConfigurationIsVisible = 0;
			defaultConfigurationName = Release;
		};
		78F332842239051C00DA02F6 /* Build configuration list for PBXNativeTarget "MagicThought" */ = {
			isa = XCConfigurationList;
			buildConfigurations = (
				78F332852239051C00DA02F6 /* Debug */,
				78F332862239051C00DA02F6 /* Release */,
			);
			defaultConfigurationIsVisible = 0;
			defaultConfigurationName = Release;
		};
/* End XCConfigurationList section */
	};
	rootObject = 78F332732239051C00DA02F6 /* Project object */;
}
